{
  "name": "ppchat-installer",
  "version": "1.0.0",
  "lockfileVersion": 3,
  "requires": true,
  "packages": {
    "": {
      "name": "ppchat-installer",
      "version": "1.0.0",
      "license": "MIT",
      "dependencies": {
        "@your-username/my-private-package": "github:labi8848/ppchat"
      },
      "bin": {
        "ppchat-setup": "index.js"
      }
    },
    "node_modules/@your-username/my-private-package": {
      "version": "1.0.0",
      "resolved": "git+ssh://git@github.com/labi8848/ppchat.git#6b3c8b054b093cc5a49e387ed3b781568ea8a699",
      "license": "MIT"
    }
  }
}
